// !$*UTF8*$!
{
	archiveVersion = 1;
	classes = {
	};
	objectVersion = 55;
	objects = {

/* Begin PBXBuildFile section */
		E13E5798284D888A00541B1A /* AppDelegate.swift in Sources */ = {isa = PBXBuildFile; fileRef = E13E5797284D888A00541B1A /* AppDelegate.swift */; };
		E13E579A284D888A00541B1A /* SceneDelegate.swift in Sources */ = {isa = PBXBuildFile; fileRef = E13E5799284D888A00541B1A /* SceneDelegate.swift */; };
		E13E579C284D888A00541B1A /* TodoListViewController.swift in Sources */ = {isa = PBXBuildFile; fileRef = E13E579B284D888A00541B1A /* TodoListViewController.swift */; };
		E13E579F284D888A00541B1A /* Main.storyboard in Resources */ = {isa = PBXBuildFile; fileRef = E13E579D284D888A00541B1A /* Main.storyboard */; };
		E13E57A1284D888B00541B1A /* Assets.xcassets in Resources */ = {isa = PBXBuildFile; fileRef = E13E57A0284D888B00541B1A /* Assets.xcassets */; };
		E13E57A4284D888B00541B1A /* LaunchScreen.storyboard in Resources */ = {isa = PBXBuildFile; fileRef = E13E57A2284D888B00541B1A /* LaunchScreen.storyboard */; };
		E13E57AC284D8EF300541B1A /* Constants.swift in Sources */ = {isa = PBXBuildFile; fileRef = E13E57AB284D8EF300541B1A /* Constants.swift */; };
		E13E57B72852C4FE00541B1A /* DataModel.xcdatamodeld in Sources */ = {isa = PBXBuildFile; fileRef = E13E57B52852C4FE00541B1A /* DataModel.xcdatamodeld */; };
		E13E57DC2857A2D700541B1A /* CategoryViewController.swift in Sources */ = {isa = PBXBuildFile; fileRef = E13E57DB2857A2D700541B1A /* CategoryViewController.swift */; };
		E18DC89F285FDC5300BF06B7 /* Realm in Frameworks */ = {isa = PBXBuildFile; productRef = E18DC89E285FDC5300BF06B7 /* Realm */; };
		E18DC8A1285FDC5300BF06B7 /* RealmSwift in Frameworks */ = {isa = PBXBuildFile; productRef = E18DC8A0285FDC5300BF06B7 /* RealmSwift */; };
/* End PBXBuildFile section */

/* Begin PBXFileReference section */
		E13E5794284D888A00541B1A /* Todoey.app */ = {isa = PBXFileReference; explicitFileType = wrapper.application; includeInIndex = 0; path = Todoey.app; sourceTree = BUILT_PRODUCTS_DIR; };
		E13E5797284D888A00541B1A /* AppDelegate.swift */ = {isa = PBXFileReference; lastKnownFileType = sourcecode.swift; path = AppDelegate.swift; sourceTree = "<group>"; };
		E13E5799284D888A00541B1A /* SceneDelegate.swift */ = {isa = PBXFileReference; lastKnownFileType = sourcecode.swift; path = SceneDelegate.swift; sourceTree = "<group>"; };
		E13E579B284D888A00541B1A /* TodoListViewController.swift */ = {isa = PBXFileReference; lastKnownFileType = sourcecode.swift; path = TodoListViewController.swift; sourceTree = "<group>"; };
		E13E579E284D888A00541B1A /* Base */ = {isa = PBXFileReference; lastKnownFileType = file.storyboard; name = Base; path = Base.lproj/Main.storyboard; sourceTree = "<group>"; };
		E13E57A0284D888B00541B1A /* Assets.xcassets */ = {isa = PBXFileReference; lastKnownFileType = folder.assetcatalog; path = Assets.xcassets; sourceTree = "<group>"; };
		E13E57A3284D888B00541B1A /* Base */ = {isa = PBXFileReference; lastKnownFileType = file.storyboard; name = Base; path = Base.lproj/LaunchScreen.storyboard; sourceTree = "<group>"; };
		E13E57A5284D888B00541B1A /* Info.plist */ = {isa = PBXFileReference; lastKnownFileType = text.plist.xml; path = Info.plist; sourceTree = "<group>"; };
		E13E57AB284D8EF300541B1A /* Constants.swift */ = {isa = PBXFileReference; lastKnownFileType = sourcecode.swift; path = Constants.swift; sourceTree = "<group>"; };
		E13E57B62852C4FE00541B1A /* DataModel.xcdatamodel */ = {isa = PBXFileReference; lastKnownFileType = wrapper.xcdatamodel; path = DataModel.xcdatamodel; sourceTree = "<group>"; };
		E13E57DB2857A2D700541B1A /* CategoryViewController.swift */ = {isa = PBXFileReference; lastKnownFileType = sourcecode.swift; path = CategoryViewController.swift; sourceTree = "<group>"; };
/* End PBXFileReference section */

/* Begin PBXFrameworksBuildPhase section */
		E13E5791284D888A00541B1A /* Frameworks */ = {
			isa = PBXFrameworksBuildPhase;
			buildActionMask = 2147483647;
			files = (
				E18DC8A1285FDC5300BF06B7 /* RealmSwift in Frameworks */,
				E18DC89F285FDC5300BF06B7 /* Realm in Frameworks */,
			);
			runOnlyForDeploymentPostprocessing = 0;
		};
/* End PBXFrameworksBuildPhase section */

/* Begin PBXGroup section */
		E13E578B284D888A00541B1A = {
			isa = PBXGroup;
			children = (
				E13E5796284D888A00541B1A /* Todoey */,
				E13E5795284D888A00541B1A /* Products */,
			);
			sourceTree = "<group>";
		};
		E13E5795284D888A00541B1A /* Products */ = {
			isa = PBXGroup;
			children = (
				E13E5794284D888A00541B1A /* Todoey.app */,
			);
			name = Products;
			sourceTree = "<group>";
		};
		E13E5796284D888A00541B1A /* Todoey */ = {
			isa = PBXGroup;
			children = (
				E13E5797284D888A00541B1A /* AppDelegate.swift */,
				E13E5799284D888A00541B1A /* SceneDelegate.swift */,
				E13E57B2284EC07C00541B1A /* Model */,
				E13E57B3284EC08400541B1A /* View */,
				E13E57B4284EC08F00541B1A /* Controller */,
				E13E57A0284D888B00541B1A /* Assets.xcassets */,
				E13E57A2284D888B00541B1A /* LaunchScreen.storyboard */,
				E13E57A5284D888B00541B1A /* Info.plist */,
				E13E57AB284D8EF300541B1A /* Constants.swift */,
			);
			path = Todoey;
			sourceTree = "<group>";
		};
		E13E57B2284EC07C00541B1A /* Model */ = {
			isa = PBXGroup;
			children = (
				E13E57B52852C4FE00541B1A /* DataModel.xcdatamodeld */,
			);
			path = Model;
			sourceTree = "<group>";
		};
		E13E57B3284EC08400541B1A /* View */ = {
			isa = PBXGroup;
			children = (
				E13E579D284D888A00541B1A /* Main.storyboard */,
			);
			path = View;
			sourceTree = "<group>";
		};
		E13E57B4284EC08F00541B1A /* Controller */ = {
			isa = PBXGroup;
			children = (
				E13E57DB2857A2D700541B1A /* CategoryViewController.swift */,
				E13E579B284D888A00541B1A /* TodoListViewController.swift */,
			);
			path = Controller;
			sourceTree = "<group>";
		};
/* End PBXGroup section */

/* Begin PBXNativeTarget section */
		E13E5793284D888A00541B1A /* Todoey */ = {
			isa = PBXNativeTarget;
			buildConfigurationList = E13E57A8284D888B00541B1A /* Build configuration list for PBXNativeTarget "Todoey" */;
			buildPhases = (
				E13E5790284D888A00541B1A /* Sources */,
				E13E5791284D888A00541B1A /* Frameworks */,
				E13E5792284D888A00541B1A /* Resources */,
			);
			buildRules = (
			);
			dependencies = (
			);
			name = Todoey;
			packageProductDependencies = (
				E18DC89E285FDC5300BF06B7 /* Realm */,
				E18DC8A0285FDC5300BF06B7 /* RealmSwift */,
			);
			productName = Todoey;
			productReference = E13E5794284D888A00541B1A /* Todoey.app */;
			productType = "com.apple.product-type.application";
		};
/* End PBXNativeTarget section */

/* Begin PBXProject section */
		E13E578C284D888A00541B1A /* Project object */ = {
			isa = PBXProject;
			attributes = {
				BuildIndependentTargetsInParallel = 1;
				LastSwiftUpdateCheck = 1330;
				LastUpgradeCheck = 1330;
				TargetAttributes = {
					E13E5793284D888A00541B1A = {
						CreatedOnToolsVersion = 13.3.1;
					};
				};
			};
			buildConfigurationList = E13E578F284D888A00541B1A /* Build configuration list for PBXProject "Todoey" */;
			compatibilityVersion = "Xcode 13.0";
			developmentRegion = en;
			hasScannedForEncodings = 0;
			knownRegions = (
				en,
				Base,
			);
			mainGroup = E13E578B284D888A00541B1A;
			packageReferences = (
				E18DC89D285FDC5300BF06B7 /* XCRemoteSwiftPackageReference "realm-swift" */,
			);
			productRefGroup = E13E5795284D888A00541B1A /* Products */;
			projectDirPath = "";
			projectRoot = "";
			targets = (
				E13E5793284D888A00541B1A /* Todoey */,
			);
		};
/* End PBXProject section */

/* Begin PBXResourcesBuildPhase section */
		E13E5792284D888A00541B1A /* Resources */ = {
			isa = PBXResourcesBuildPhase;
			buildActionMask = 2147483647;
			files = (
				E13E57A4284D888B00541B1A /* LaunchScreen.storyboard in Resources */,
				E13E57A1284D888B00541B1A /* Assets.xcassets in Resources */,
				E13E579F284D888A00541B1A /* Main.storyboard in Resources */,
			);
			runOnlyForDeploymentPostprocessing = 0;
		};
/* End PBXResourcesBuildPhase section */

/* Begin PBXSourcesBuildPhase section */
		E13E5790284D888A00541B1A /* Sources */ = {
			isa = PBXSourcesBuildPhase;
			buildActionMask = 2147483647;
			files = (
				E13E579C284D888A00541B1A /* TodoListViewController.swift in Sources */,
				E13E5798284D888A00541B1A /* AppDelegate.swift in Sources */,
				E13E57B72852C4FE00541B1A /* DataModel.xcdatamodeld in Sources */,
				E13E579A284D888A00541B1A /* SceneDelegate.swift in Sources */,
				E13E57DC2857A2D700541B1A /* CategoryViewController.swift in Sources */,
				E13E57AC284D8EF300541B1A /* Constants.swift in Sources */,
			);
			runOnlyForDeploymentPostprocessing = 0;
		};
/* End PBXSourcesBuildPhase section */

/* Begin PBXVariantGroup section */
		E13E579D284D888A00541B1A /* Main.storyboard */ = {
			isa = PBXVariantGroup;
			children = (
				E13E579E284D888A00541B1A /* Base */,
			);
			name = Main.storyboard;
			sourceTree = "<group>";
		};
		E13E57A2284D888B00541B1A /* LaunchScreen.storyboard */ = {
			isa = PBXVariantGroup;
			children = (
				E13E57A3284D888B00541B1A /* Base */,
			);
			name = LaunchScreen.storyboard;
			sourceTree = "<group>";
		};
/* End PBXVariantGroup section */

/* Begin XCBuildConfiguration section */
		E13E57A6284D888B00541B1A /* Debug */ = {
			isa = XCBuildConfiguration;
			buildSettings = {
				ALWAYS_SEARCH_USER_PATHS = NO;
				CLANG_ANALYZER_NONNULL = YES;
				CLANG_ANALYZER_NUMBER_OBJECT_CONVERSION = YES_AGGRESSIVE;
				CLANG_CXX_LANGUAGE_STANDARD = "gnu++17";
				CLANG_ENABLE_MODULES = YES;
				CLANG_ENABLE_OBJC_ARC = YES;
				CLANG_ENABLE_OBJC_WEAK = YES;
				CLANG_WARN_BLOCK_CAPTURE_AUTORELEASING = YES;
				CLANG_WARN_BOOL_CONVERSION = YES;
				CLANG_WARN_COMMA = YES;
				CLANG_WARN_CONSTANT_CONVERSION = YES;
				CLANG_WARN_DEPRECATED_OBJC_IMPLEMENTATIONS = YES;
				CLANG_WARN_DIRECT_OBJC_ISA_USAGE = YES_ERROR;
				CLANG_WARN_DOCUMENTATION_COMMENTS = YES;
				CLANG_WARN_EMPTY_BODY = YES;
				CLANG_WARN_ENUM_CONVERSION = YES;
				CLANG_WARN_INFINITE_RECURSION = YES;
				CLANG_WARN_INT_CONVERSION = YES;
				CLANG_WARN_NON_LITERAL_NULL_CONVERSION = YES;
				CLANG_WARN_OBJC_IMPLICIT_RETAIN_SELF = YES;
				CLANG_WARN_OBJC_LITERAL_CONVERSION = YES;
				CLANG_WARN_OBJC_ROOT_CLASS = YES_ERROR;
				CLANG_WARN_QUOTED_INCLUDE_IN_FRAMEWORK_HEADER = YES;
				CLANG_WARN_RANGE_LOOP_ANALYSIS = YES;
				CLANG_WARN_STRICT_PROTOTYPES = YES;
				CLANG_WARN_SUSPICIOUS_MOVE = YES;
				CLANG_WARN_UNGUARDED_AVAILABILITY = YES_AGGRESSIVE;
				CLANG_WARN_UNREACHABLE_CODE = YES;
				CLANG_WARN__DUPLICATE_METHOD_MATCH = YES;
				COPY_PHASE_STRIP = NO;
				DEBUG_INFORMATION_FORMAT = dwarf;
				ENABLE_STRICT_OBJC_MSGSEND = YES;
				ENABLE_TESTABILITY = YES;
				GCC_C_LANGUAGE_STANDARD = gnu11;
				GCC_DYNAMIC_NO_PIC = NO;
				GCC_NO_COMMON_BLOCKS = YES;
				GCC_OPTIMIZATION_LEVEL = 0;
				GCC_PREPROCESSOR_DEFINITIONS = (
					"DEBUG=1",
					"$(inherited)",
				);
				GCC_WARN_64_TO_32_BIT_CONVERSION = YES;
				GCC_WARN_ABOUT_RETURN_TYPE = YES_ERROR;
				GCC_WARN_UNDECLARED_SELECTOR = YES;
				GCC_WARN_UNINITIALIZED_AUTOS = YES_AGGRESSIVE;
				GCC_WARN_UNUSED_FUNCTION = YES;
				GCC_WARN_UNUSED_VARIABLE = YES;
				IPHONEOS_DEPLOYMENT_TARGET = 15.4;
				MTL_ENABLE_DEBUG_INFO = INCLUDE_SOURCE;
				MTL_FAST_MATH = YES;
				ONLY_ACTIVE_ARCH = YES;
				SDKROOT = iphoneos;
				SWIFT_ACTIVE_COMPILATION_CONDITIONS = DEBUG;
				SWIFT_OPTIMIZATION_LEVEL = "-Onone";
			};
			name = Debug;
		};
		E13E57A7284D888B00541B1A /* Release */ = {
			isa = XCBuildConfiguration;
			buildSettings = {
				ALWAYS_SEARCH_USER_PATHS = NO;
				CLANG_ANALYZER_NONNULL = YES;
				CLANG_ANALYZER_NUMBER_OBJECT_CONVERSION = YES_AGGRESSIVE;
				CLANG_CXX_LANGUAGE_STANDARD = "gnu++17";
				CLANG_ENABLE_MODULES = YES;
				CLANG_ENABLE_OBJC_ARC = YES;
				CLANG_ENABLE_OBJC_WEAK = YES;
				CLANG_WARN_BLOCK_CAPTURE_AUTORELEASING = YES;
				CLANG_WARN_BOOL_CONVERSION = YES;
				CLANG_WARN_COMMA = YES;
				CLANG_WARN_CONSTANT_CONVERSION = YES;
				CLANG_WARN_DEPRECATED_OBJC_IMPLEMENTATIONS = YES;
				CLANG_WARN_DIRECT_OBJC_ISA_USAGE = YES_ERROR;
				CLANG_WARN_DOCUMENTATION_COMMENTS = YES;
				CLANG_WARN_EMPTY_BODY = YES;
				CLANG_WARN_ENUM_CONVERSION = YES;
				CLANG_WARN_INFINITE_RECURSION = YES;
				CLANG_WARN_INT_CONVERSION = YES;
				CLANG_WARN_NON_LITERAL_NULL_CONVERSION = YES;
				CLANG_WARN_OBJC_IMPLICIT_RETAIN_SELF = YES;
				CLANG_WARN_OBJC_LITERAL_CONVERSION = YES;
				CLANG_WARN_OBJC_ROOT_CLASS = YES_ERROR;
				CLANG_WARN_QUOTED_INCLUDE_IN_FRAMEWORK_HEADER = YES;
				CLANG_WARN_RANGE_LOOP_ANALYSIS = YES;
				CLANG_WARN_STRICT_PROTOTYPES = YES;
				CLANG_WARN_SUSPICIOUS_MOVE = YES;
				CLANG_WARN_UNGUARDED_AVAILABILITY = YES_AGGRESSIVE;
				CLANG_WARN_UNREACHABLE_CODE = YES;
				CLANG_WARN__DUPLICATE_METHOD_MATCH = YES;
				COPY_PHASE_STRIP = NO;
				DEBUG_INFORMATION_FORMAT = "dwarf-with-dsym";
				ENABLE_NS_ASSERTIONS = NO;
				ENABLE_STRICT_OBJC_MSGSEND = YES;
				GCC_C_LANGUAGE_STANDARD = gnu11;
				GCC_NO_COMMON_BLOCKS = YES;
				GCC_WARN_64_TO_32_BIT_CONVERSION = YES;
				GCC_WARN_ABOUT_RETURN_TYPE = YES_ERROR;
				GCC_WARN_UNDECLARED_SELECTOR = YES;
				GCC_WARN_UNINITIALIZED_AUTOS = YES_AGGRESSIVE;
				GCC_WARN_UNUSED_FUNCTION = YES;
				GCC_WARN_UNUSED_VARIABLE = YES;
				IPHONEOS_DEPLOYMENT_TARGET = 15.4;
				MTL_ENABLE_DEBUG_INFO = NO;
				MTL_FAST_MATH = YES;
				SDKROOT = iphoneos;
				SWIFT_COMPILATION_MODE = wholemodule;
				SWIFT_OPTIMIZATION_LEVEL = "-O";
				VALIDATE_PRODUCT = YES;
			};
			name = Release;
		};
		E13E57A9284D888B00541B1A /* Debug */ = {
			isa = XCBuildConfiguration;
			buildSettings = {
				ASSETCATALOG_COMPILER_APPICON_NAME = AppIcon;
				ASSETCATALOG_COMPILER_GLOBAL_ACCENT_COLOR_NAME = AccentColor;
				CODE_SIGN_STYLE = Automatic;
				CURRENT_PROJECT_VERSION = 1;
				DEVELOPMENT_TEAM = KRQ8Y2FQP3;
				GENERATE_INFOPLIST_FILE = YES;
				INFOPLIST_FILE = Todoey/Info.plist;
				INFOPLIST_KEY_UIApplicationSupportsIndirectInputEvents = YES;
				INFOPLIST_KEY_UILaunchStoryboardName = LaunchScreen;
				INFOPLIST_KEY_UIMainStoryboardFile = Main;
				INFOPLIST_KEY_UISupportedInterfaceOrientations_iPad = "UIInterfaceOrientationPortrait UIInterfaceOrientationPortraitUpsideDown UIInterfaceOrientationLandscapeLeft UIInterfaceOrientationLandscapeRight";
				INFOPLIST_KEY_UISupportedInterfaceOrientations_iPhone = "UIInterfaceOrientationPortrait UIInterfaceOrientationLandscapeLeft UIInterfaceOrientationLandscapeRight";
				LD_RUNPATH_SEARCH_PATHS = (
					"$(inherited)",
					"@executable_path/Frameworks",
				);
				MARKETING_VERSION = 1.0;
				PRODUCT_BUNDLE_IDENTIFIER = com.WallStudy.Todoey;
				PRODUCT_NAME = "$(TARGET_NAME)";
				SWIFT_EMIT_LOC_STRINGS = YES;
				SWIFT_VERSION = 5.0;
				TARGETED_DEVICE_FAMILY = "1,2";
			};
			name = Debug;
		};
		E13E57AA284D888B00541B1A /* Release */ = {
			isa = XCBuildConfiguration;
			buildSettings = {
				ASSETCATALOG_COMPILER_APPICON_NAME = AppIcon;
				ASSETCATALOG_COMPILER_GLOBAL_ACCENT_COLOR_NAME = AccentColor;
				CODE_SIGN_STYLE = Automatic;
				CURRENT_PROJECT_VERSION = 1;
				DEVELOPMENT_TEAM = KRQ8Y2FQP3;
				GENERATE_INFOPLIST_FILE = YES;
				INFOPLIST_FILE = Todoey/Info.plist;
				INFOPLIST_KEY_UIApplicationSupportsIndirectInputEvents = YES;
				INFOPLIST_KEY_UILaunchStoryboardName = LaunchScreen;
				INFOPLIST_KEY_UIMainStoryboardFile = Main;
				INFOPLIST_KEY_UISupportedInterfaceOrientations_iPad = "UIInterfaceOrientationPortrait UIInterfaceOrientationPortraitUpsideDown UIInterfaceOrientationLandscapeLeft UIInterfaceOrientationLandscapeRight";
				INFOPLIST_KEY_UISupportedInterfaceOrientations_iPhone = "UIInterfaceOrientationPortrait UIInterfaceOrientationLandscapeLeft UIInterfaceOrientationLandscapeRight";
				LD_RUNPATH_SEARCH_PATHS = (
					"$(inherited)",
					"@executable_path/Frameworks",
				);
				MARKETING_VERSION = 1.0;
				PRODUCT_BUNDLE_IDENTIFIER = com.WallStudy.Todoey;
				PRODUCT_NAME = "$(TARGET_NAME)";
				SWIFT_EMIT_LOC_STRINGS = YES;
				SWIFT_VERSION = 5.0;
				TARGETED_DEVICE_FAMILY = "1,2";
			};
			name = Release;
		};
/* End XCBuildConfiguration section */

/* Begin XCConfigurationList section */
		E13E578F284D888A00541B1A /* Build configuration list for PBXProject "Todoey" */ = {
			isa = XCConfigurationList;
			buildConfigurations = (
				E13E57A6284D888B00541B1A /* Debug */,
				E13E57A7284D888B00541B1A /* Release */,
			);
			defaultConfigurationIsVisible = 0;
			defaultConfigurationName = Release;
		};
		E13E57A8284D888B00541B1A /* Build configuration list for PBXNativeTarget "Todoey" */ = {
			isa = XCConfigurationList;
			buildConfigurations = (
				E13E57A9284D888B00541B1A /* Debug */,
				E13E57AA284D888B00541B1A /* Release */,
			);
			defaultConfigurationIsVisible = 0;
			defaultConfigurationName = Release;
		};
/* End XCConfigurationList section */

/* Begin XCRemoteSwiftPackageReference section */
		E18DC89D285FDC5300BF06B7 /* XCRemoteSwiftPackageReference "realm-swift" */ = {
			isa = XCRemoteSwiftPackageReference;
			repositoryURL = "https://github.com/realm/realm-swift.git";
			requirement = {
				branch = master;
				kind = branch;
			};
		};
/* End XCRemoteSwiftPackageReference section */

/* Begin XCSwiftPackageProductDependency section */
		E18DC89E285FDC5300BF06B7 /* Realm */ = {
			isa = XCSwiftPackageProductDependency;
			package = E18DC89D285FDC5300BF06B7 /* XCRemoteSwiftPackageReference "realm-swift" */;
			productName = Realm;
		};
		E18DC8A0285FDC5300BF06B7 /* RealmSwift */ = {
			isa = XCSwiftPackageProductDependency;
			package = E18DC89D285FDC5300BF06B7 /* XCRemoteSwiftPackageReference "realm-swift" */;
			productName = RealmSwift;
		};
/* End XCSwiftPackageProductDependency section */

/* Begin XCVersionGroup section */
		E13E57B52852C4FE00541B1A /* DataModel.xcdatamodeld */ = {
			isa = XCVersionGroup;
			children = (
				E13E57B62852C4FE00541B1A /* DataModel.xcdatamodel */,
			);
			currentVersion = E13E57B62852C4FE00541B1A /* DataModel.xcdatamodel */;
			path = DataModel.xcdatamodeld;
			sourceTree = "<group>";
			versionGroupType = wrapper.xcdatamodel;
		};
/* End XCVersionGroup section */
	};
	rootObject = E13E578C284D888A00541B1A /* Project object */;
}
